
Microsoft Visual Studio Solution File, Format Version 12.00
# Visual Studio Version 16
VisualStudioVersion = 16.0.31205.134
MinimumVisualStudioVersion = 10.0.40219.1
Project("{FAE04EC0-301F-11D3-BF4B-00C04F79EFBC}") = "TurtleGame", "Turtle\TurtleGame.csproj", "{8DFA67AC-09F5-4946-B6B6-3F511A6162D2}"
EndProject
Global
	GlobalSection(SolutionConfigurationPlatforms) = preSolution
		Debug|Any CPU = Debug|Any CPU
		Release|Any CPU = Release|Any CPU
	EndGlobalSection
	GlobalSection(ProjectConfigurationPlatforms) = postSolution
		{8DFA67AC-09F5-4946-B6B6-3F511A6162D2}.Debug|Any CPU.ActiveCfg = Debug|Any CPU
		{8DFA67AC-09F5-4946-B6B6-3F511A6162D2}.Debug|Any CPU.Build.0 = Debug|Any CPU
		{8DFA67AC-09F5-4946-B6B6-3F511A6162D2}.Release|Any CPU.ActiveCfg = Release|Any CPU
		{8DFA67AC-09F5-4946-B6B6-3F511A6162D2}.Release|Any CPU.Build.0 = Release|Any CPU
	EndGlobalSection
	GlobalSection(SolutionProperties) = preSolution
		HideSolutionNode = FALSE
	EndGlobalSection
	GlobalSection(ExtensibilityGlobals) = postSolution
		SolutionGuid = {66CEDEC9-014F-4BEB-91D9-7362C11DBA0C}
	EndGlobalSection
EndGlobal
